// !$*UTF8*$!
{
	archiveVersion = 1;
	classes = {
	};
	objectVersion = 77;
	objects = {

/* Begin PBXBuildFile section */
		93270B7E2F956D4300D43840 /* GoogleSignIn in Frameworks */ = {isa = PBXBuildFile; productRef = 93270B7D2F956D4300D43840 /* GoogleSignIn */; };
		93270B802F956D4300D43840 /* GoogleSignInSwift in Frameworks */ = {isa = PBXBuildFile; productRef = 93270B7F2F956D4300D43840 /* GoogleSignInSwift */; };
		93270B832F95770600D43840 /* Auth in Frameworks */ = {isa = PBXBuildFile; productRef = 93270B822F95770600D43840 /* Auth */; };
		93270B852F95770600D43840 /* Functions in Frameworks */ = {isa = PBXBuildFile; productRef = 93270B842F95770600D43840 /* Functions */; };
		93270B872F95770600D43840 /* PostgREST in Frameworks */ = {isa = PBXBuildFile; productRef = 93270B862F95770600D43840 /* PostgREST */; };
		93270B892F95770600D43840 /* Realtime in Frameworks */ = {isa = PBXBuildFile; productRef = 93270B882F95770600D43840 /* Realtime */; };
		93270B8B2F95770600D43840 /* Storage in Frameworks */ = {isa = PBXBuildFile; productRef = 93270B8A2F95770600D43840 /* Storage */; };
		93270B8D2F95770600D43840 /* Supabase in Frameworks */ = {isa = PBXBuildFile; productRef = 93270B8C2F95770600D43840 /* Supabase */; };
		9367663E2F7D800300FC75CC /* ROADMAP.md in Resources */ = {isa = PBXBuildFile; fileRef = 9367663C2F7D800300FC75CC /* ROADMAP.md */; };
		936766402F7D802000FC75CC /* Proyecto DiseñoUX. Monederito. A Guada Gutierrez.pdf in Resources */ = {isa = PBXBuildFile; fileRef = 9367663F2F7D802000FC75CC /* Proyecto DiseñoUX. Monederito. A Guada Gutierrez.pdf */; };
		93AAA8F2301D95B7000024A3 /* FirebaseAI in Frameworks */ = {isa = PBXBuildFile; productRef = 93AAA8F1301D95B7000024A3 /* FirebaseAI */; };
		93AAA8F4301D95B7000024A3 /* FirebaseAILogic in Frameworks */ = {isa = PBXBuildFile; productRef = 93AAA8F3301D95B7000024A3 /* FirebaseAILogic */; };
		93AAA8F6301D95B7000024A3 /* FirebaseAnalytics in Frameworks */ = {isa = PBXBuildFile; productRef = 93AAA8F5301D95B7000024A3 /* FirebaseAnalytics */; };
		93AAA8F8301D95B7000024A3 /* FirebaseAnalyticsCore in Frameworks */ = {isa = PBXBuildFile; productRef = 93AAA8F7301D95B7000024A3 /* FirebaseAnalyticsCore */; };
		93AAA8FA301D95B7000024A3 /* FirebaseAnalyticsIdentitySupport in Frameworks */ = {isa = PBXBuildFile; productRef = 93AAA8F9301D95B7000024A3 /* FirebaseAnalyticsIdentitySupport */; };
		93AAA8FC301D95B7000024A3 /* FirebaseAppCheck in Frameworks */ = {isa = PBXBuildFile; productRef = 93AAA8FB301D95B7000024A3 /* FirebaseAppCheck */; };
		93AAA8FE301D95B7000024A3 /* FirebaseAppDistribution-Beta in Frameworks */ = {isa = PBXBuildFile; productRef = 93AAA8FD301D95B7000024A3 /* FirebaseAppDistribution-Beta */; };
		93AAA900301D95B7000024A3 /* FirebaseAuth in Frameworks */ = {isa = PBXBuildFile; productRef = 93AAA8FF301D95B7000024A3 /* FirebaseAuth */; };
		93AAA902301D95B7000024A3 /* FirebaseAuthCombine-Community in Frameworks */ = {isa = PBXBuildFile; productRef = 93AAA901301D95B7000024A3 /* FirebaseAuthCombine-Community */; };
		93AAA904301D95B7000024A3 /* FirebaseCore in Frameworks */ = {isa = PBXBuildFile; productRef = 93AAA903301D95B7000024A3 /* FirebaseCore */; };
		93AAA906301D95B7000024A3 /* FirebaseCrashlytics in Frameworks */ = {isa = PBXBuildFile; productRef = 93AAA905301D95B7000024A3 /* FirebaseCrashlytics */; };
		93AAA908301D95B7000024A3 /* FirebaseDatabase in Frameworks */ = {isa = PBXBuildFile; productRef = 93AAA907301D95B7000024A3 /* FirebaseDatabase */; };
		93AAA90A301D95B7000024A3 /* FirebaseFirestore in Frameworks */ = {isa = PBXBuildFile; productRef = 93AAA909301D95B7000024A3 /* FirebaseFirestore */; };
		93AAA90C301D95B7000024A3 /* FirebaseFirestoreCombine-Community in Frameworks */ = {isa = PBXBuildFile; productRef = 93AAA90B301D95B7000024A3 /* FirebaseFirestoreCombine-Community */; };
		93AAA90E301D95B7000024A3 /* FirebaseFunctions in Frameworks */ = {isa = PBXBuildFile; productRef = 93AAA90D301D95B7000024A3 /* FirebaseFunctions */; };
		93AAA910301D95B7000024A3 /* FirebaseFunctionsCombine-Community in Frameworks */ = {isa = PBXBuildFile; productRef = 93AAA90F301D95B7000024A3 /* FirebaseFunctionsCombine-Community */; };
		93AAA912301D95B7000024A3 /* FirebaseInAppMessaging-Beta in Frameworks */ = {isa = PBXBuildFile; productRef = 93AAA911301D95B7000024A3 /* FirebaseInAppMessaging-Beta */; };
		93AAA914301D95B7000024A3 /* FirebaseInstallations in Frameworks */ = {isa = PBXBuildFile; productRef = 93AAA913301D95B7000024A3 /* FirebaseInstallations */; };
		93AAA916301D95B7000024A3 /* FirebaseMLModelDownloader in Frameworks */ = {isa = PBXBuildFile; productRef = 93AAA915301D95B7000024A3 /* FirebaseMLModelDownloader */; };
		93AAA918301D95B7000024A3 /* FirebaseMessaging in Frameworks */ = {isa = PBXBuildFile; productRef = 93AAA917301D95B7000024A3 /* FirebaseMessaging */; };
		93AAA91A301D95B7000024A3 /* FirebasePerformance in Frameworks */ = {isa = PBXBuildFile; productRef = 93AAA919301D95B7000024A3 /* FirebasePerformance */; };
		93AAA91C301D95B7000024A3 /* FirebaseRemoteConfig in Frameworks */ = {isa = PBXBuildFile; productRef = 93AAA91B301D95B7000024A3 /* FirebaseRemoteConfig */; };
		93AAA91E301D95B7000024A3 /* FirebaseStorage in Frameworks */ = {isa = PBXBuildFile; productRef = 93AAA91D301D95B7000024A3 /* FirebaseStorage */; };
		93AAA920301D95B7000024A3 /* FirebaseStorageCombine-Community in Frameworks */ = {isa = PBXBuildFile; productRef = 93AAA91F301D95B7000024A3 /* FirebaseStorageCombine-Community */; };
/* End PBXBuildFile section */

/* Begin PBXFileReference section */
		934CFCAE2F5B8A2B006048BA /* Monederito-iOS.app */ = {isa = PBXFileReference; explicitFileType = wrapper.application; includeInIndex = 0; path = "Monederito-iOS.app"; sourceTree = BUILT_PRODUCTS_DIR; };
		9367663C2F7D800300FC75CC /* ROADMAP.md */ = {isa = PBXFileReference; lastKnownFileType = net.daringfireball.markdown; path = ROADMAP.md; sourceTree = "<group>"; };
		9367663F2F7D802000FC75CC /* Proyecto DiseñoUX. Monederito. A Guada Gutierrez.pdf */ = {isa = PBXFileReference; lastKnownFileType = image.pdf; path = "Proyecto DiseñoUX. Monederito. A Guada Gutierrez.pdf"; sourceTree = "<group>"; };
/* End PBXFileReference section */

/* Begin PBXFileSystemSynchronizedBuildFileExceptionSet section */
		93270CA62F95E9E400D43840 /* Exceptions for "Monederito-iOS" folder in "Monederito-iOS" target */ = {
			isa = PBXFileSystemSynchronizedBuildFileExceptionSet;
			membershipExceptions = (
				Info.plist,
			);
			target = 934CFCAD2F5B8A2B006048BA /* Monederito-iOS */;
		};
/* End PBXFileSystemSynchronizedBuildFileExceptionSet section */

/* Begin PBXFileSystemSynchronizedRootGroup section */
		934CFCB02F5B8A2B006048BA /* Monederito-iOS */ = {
			isa = PBXFileSystemSynchronizedRootGroup;
			exceptions = (
				93270CA62F95E9E400D43840 /* Exceptions for "Monederito-iOS" folder in "Monederito-iOS" target */,
			);
			path = "Monederito-iOS";
			sourceTree = "<group>";
		};
/* End PBXFileSystemSynchronizedRootGroup section */

/* Begin PBXFrameworksBuildPhase section */
		934CFCAB2F5B8A2B006048BA /* Frameworks */ = {
			isa = PBXFrameworksBuildPhase;
			buildActionMask = 2147483647;
			files = (
				93270B7E2F956D4300D43840 /* GoogleSignIn in Frameworks */,
				93AAA8FA301D95B7000024A3 /* FirebaseAnalyticsIdentitySupport in Frameworks */,
				93AAA8FE301D95B7000024A3 /* FirebaseAppDistribution-Beta in Frameworks */,
				93AAA902301D95B7000024A3 /* FirebaseAuthCombine-Community in Frameworks */,
				93AAA91E301D95B7000024A3 /* FirebaseStorage in Frameworks */,
				93AAA91A301D95B7000024A3 /* FirebasePerformance in Frameworks */,
				93AAA912301D95B7000024A3 /* FirebaseInAppMessaging-Beta in Frameworks */,
				93270B802F956D4300D43840 /* GoogleSignInSwift in Frameworks */,
				93AAA90C301D95B7000024A3 /* FirebaseFirestoreCombine-Community in Frameworks */,
				93AAA8F2301D95B7000024A3 /* FirebaseAI in Frameworks */,
				93AAA920301D95B7000024A3 /* FirebaseStorageCombine-Community in Frameworks */,
				93AAA91C301D95B7000024A3 /* FirebaseRemoteConfig in Frameworks */,
				93AAA8FC301D95B7000024A3 /* FirebaseAppCheck in Frameworks */,
				93270B8B2F95770600D43840 /* Storage in Frameworks */,
				93AAA8F4301D95B7000024A3 /* FirebaseAILogic in Frameworks */,
				93270B852F95770600D43840 /* Functions in Frameworks */,
				93AAA908301D95B7000024A3 /* FirebaseDatabase in Frameworks */,
				93AAA8F6301D95B7000024A3 /* FirebaseAnalytics in Frameworks */,
				93AAA8F8301D95B7000024A3 /* FirebaseAnalyticsCore in Frameworks */,
				93AAA914301D95B7000024A3 /* FirebaseInstallations in Frameworks */,
				93AAA918301D95B7000024A3 /* FirebaseMessaging in Frameworks */,
				93270B8D2F95770600D43840 /* Supabase in Frameworks */,
				93270B892F95770600D43840 /* Realtime in Frameworks */,
				93AAA906301D95B7000024A3 /* FirebaseCrashlytics in Frameworks */,
				93AAA90E301D95B7000024A3 /* FirebaseFunctions in Frameworks */,
				93270B832F95770600D43840 /* Auth in Frameworks */,
				93270B872F95770600D43840 /* PostgREST in Frameworks */,
				93AAA904301D95B7000024A3 /* FirebaseCore in Frameworks */,
				93AAA900301D95B7000024A3 /* FirebaseAuth in Frameworks */,
				93AAA916301D95B7000024A3 /* FirebaseMLModelDownloader in Frameworks */,
				93AAA90A301D95B7000024A3 /* FirebaseFirestore in Frameworks */,
				93AAA910301D95B7000024A3 /* FirebaseFunctionsCombine-Community in Frameworks */,
			);
			runOnlyForDeploymentPostprocessing = 0;
		};
/* End PBXFrameworksBuildPhase section */

/* Begin PBXGroup section */
		934CFCA52F5B8A2B006048BA = {
			isa = PBXGroup;
			children = (
				934CFCB02F5B8A2B006048BA /* Monederito-iOS */,
				934CFCAF2F5B8A2B006048BA /* Products */,
				9367663D2F7D800300FC75CC /* docs */,
			);
			sourceTree = "<group>";
		};
		934CFCAF2F5B8A2B006048BA /* Products */ = {
			isa = PBXGroup;
			children = (
				934CFCAE2F5B8A2B006048BA /* Monederito-iOS.app */,
			);
			name = Products;
			sourceTree = "<group>";
		};
		9367663D2F7D800300FC75CC /* docs */ = {
			isa = PBXGroup;
			children = (
				9367663F2F7D802000FC75CC /* Proyecto DiseñoUX. Monederito. A Guada Gutierrez.pdf */,
				9367663C2F7D800300FC75CC /* ROADMAP.md */,
			);
			path = docs;
			sourceTree = "<group>";
		};
/* End PBXGroup section */

/* Begin PBXNativeTarget section */
		934CFCAD2F5B8A2B006048BA /* Monederito-iOS */ = {
			isa = PBXNativeTarget;
			buildConfigurationList = 934CFCB92F5B8A2C006048BA /* Build configuration list for PBXNativeTarget "Monederito-iOS" */;
			buildPhases = (
				934CFCAA2F5B8A2B006048BA /* Sources */,
				934CFCAB2F5B8A2B006048BA /* Frameworks */,
				934CFCAC2F5B8A2B006048BA /* Resources */,
				93AAA923301DB77C000024A3 /* Upload Debug Symbols */,
			);
			buildRules = (
			);
			dependencies = (
			);
			fileSystemSynchronizedGroups = (
				934CFCB02F5B8A2B006048BA /* Monederito-iOS */,
			);
			name = "Monederito-iOS";
			packageProductDependencies = (
				93270B7D2F956D4300D43840 /* GoogleSignIn */,
				93270B7F2F956D4300D43840 /* GoogleSignInSwift */,
				93270B822F95770600D43840 /* Auth */,
				93270B842F95770600D43840 /* Functions */,
				93270B862F95770600D43840 /* PostgREST */,
				93270B882F95770600D43840 /* Realtime */,
				93270B8A2F95770600D43840 /* Storage */,
				93270B8C2F95770600D43840 /* Supabase */,
				93AAA8F1301D95B7000024A3 /* FirebaseAI */,
				93AAA8F3301D95B7000024A3 /* FirebaseAILogic */,
				93AAA8F5301D95B7000024A3 /* FirebaseAnalytics */,
				93AAA8F7301D95B7000024A3 /* FirebaseAnalyticsCore */,
				93AAA8F9301D95B7000024A3 /* FirebaseAnalyticsIdentitySupport */,
				93AAA8FB301D95B7000024A3 /* FirebaseAppCheck */,
				93AAA8FD301D95B7000024A3 /* FirebaseAppDistribution-Beta */,
				93AAA8FF301D95B7000024A3 /* FirebaseAuth */,
				93AAA901301D95B7000024A3 /* FirebaseAuthCombine-Community */,
				93AAA903301D95B7000024A3 /* FirebaseCore */,
				93AAA905301D95B7000024A3 /* FirebaseCrashlytics */,
				93AAA907301D95B7000024A3 /* FirebaseDatabase */,
				93AAA909301D95B7000024A3 /* FirebaseFirestore */,
				93AAA90B301D95B7000024A3 /* FirebaseFirestoreCombine-Community */,
				93AAA90D301D95B7000024A3 /* FirebaseFunctions */,
				93AAA90F301D95B7000024A3 /* FirebaseFunctionsCombine-Community */,
				93AAA911301D95B7000024A3 /* FirebaseInAppMessaging-Beta */,
				93AAA913301D95B7000024A3 /* FirebaseInstallations */,
				93AAA915301D95B7000024A3 /* FirebaseMLModelDownloader */,
				93AAA917301D95B7000024A3 /* FirebaseMessaging */,
				93AAA919301D95B7000024A3 /* FirebasePerformance */,
				93AAA91B301D95B7000024A3 /* FirebaseRemoteConfig */,
				93AAA91D301D95B7000024A3 /* FirebaseStorage */,
				93AAA91F301D95B7000024A3 /* FirebaseStorageCombine-Community */,
			);
			productName = "Monederito-iOS";
			productReference = 934CFCAE2F5B8A2B006048BA /* Monederito-iOS.app */;
			productType = "com.apple.product-type.application";
		};
/* End PBXNativeTarget section */

/* Begin PBXProject section */
		934CFCA62F5B8A2B006048BA /* Project object */ = {
			isa = PBXProject;
			attributes = {
				BuildIndependentTargetsInParallel = 1;
				LastSwiftUpdateCheck = 2620;
				LastUpgradeCheck = 2620;
				TargetAttributes = {
					934CFCAD2F5B8A2B006048BA = {
						CreatedOnToolsVersion = 26.2;
					};
				};
			};
			buildConfigurationList = 934CFCA92F5B8A2B006048BA /* Build configuration list for PBXProject "Monederito-iOS" */;
			developmentRegion = en;
			hasScannedForEncodings = 0;
			knownRegions = (
				en,
				Base,
			);
			mainGroup = 934CFCA52F5B8A2B006048BA;
			minimizedProjectReferenceProxies = 1;
			packageReferences = (
				93270B7C2F956D4300D43840 /* XCRemoteSwiftPackageReference "GoogleSignIn-iOS" */,
				93270B812F95770600D43840 /* XCRemoteSwiftPackageReference "supabase-swift" */,
				93AAA8F0301D95B7000024A3 /* XCRemoteSwiftPackageReference "firebase-ios-sdk" */,
			);
			preferredProjectObjectVersion = 77;
			productRefGroup = 934CFCAF2F5B8A2B006048BA /* Products */;
			projectDirPath = "";
			projectRoot = "";
			targets = (
				934CFCAD2F5B8A2B006048BA /* Monederito-iOS */,
			);
		};
/* End PBXProject section */

/* Begin PBXResourcesBuildPhase section */
		934CFCAC2F5B8A2B006048BA /* Resources */ = {
			isa = PBXResourcesBuildPhase;
			buildActionMask = 2147483647;
			files = (
				936766402F7D802000FC75CC /* Proyecto DiseñoUX. Monederito. A Guada Gutierrez.pdf in Resources */,
				9367663E2F7D800300FC75CC /* ROADMAP.md in Resources */,
			);
			runOnlyForDeploymentPostprocessing = 0;
		};
/* End PBXResourcesBuildPhase section */

/* Begin PBXShellScriptBuildPhase section */
		93AAA923301DB77C000024A3 /* Upload Debug Symbols */ = {
			isa = PBXShellScriptBuildPhase;
			buildActionMask = 2147483647;
			files = (
			);
			inputFileListPaths = (
			);
			inputPaths = (
				"${DWARF_DSYM_FOLDER_PATH}/${DWARF_DSYM_FILE_NAME}",
				"${DWARF_DSYM_FOLDER_PATH}/${DWARF_DSYM_FILE_NAME}/Contents/Resources/DWARF/${PRODUCT_NAME}",
				"${DWARF_DSYM_FOLDER_PATH}/${DWARF_DSYM_FILE_NAME}/Contents/Info.plist",
				"$(TARGET_BUILD_DIR)/$(UNLOCALIZED_RESOURCES_FOLDER_PATH)/GoogleService-Info.plist",
				"$(TARGET_BUILD_DIR)/$(EXECUTABLE_PATH)",
				"${DWARF_DSYM_FOLDER_PATH}/${DWARF_DSYM_FILE_NAME}/Contents/Resources/DWARF/${PRODUCT_NAME}.debug.dylib",
			);
			name = "Upload Debug Symbols";
			outputFileListPaths = (
			);
			outputPaths = (
			);
			runOnlyForDeploymentPostprocessing = 0;
			shellPath = /bin/sh;
			shellScript = "${BUILD_DIR%Build/*}/SourcePackages/checkouts/firebase-ios-sdk/Crashlytics/run\n\n";
		};
/* End PBXShellScriptBuildPhase section */

/* Begin PBXSourcesBuildPhase section */
		934CFCAA2F5B8A2B006048BA /* Sources */ = {
			isa = PBXSourcesBuildPhase;
			buildActionMask = 2147483647;
			files = (
			);
			runOnlyForDeploymentPostprocessing = 0;
		};
/* End PBXSourcesBuildPhase section */

/* Begin XCBuildConfiguration section */
		934CFCB72F5B8A2C006048BA /* Debug */ = {
			isa = XCBuildConfiguration;
			buildSettings = {
				ALWAYS_SEARCH_USER_PATHS = NO;
				ASSETCATALOG_COMPILER_GENERATE_SWIFT_ASSET_SYMBOL_EXTENSIONS = YES;
				CLANG_ANALYZER_NONNULL = YES;
				CLANG_ANALYZER_NUMBER_OBJECT_CONVERSION = YES_AGGRESSIVE;
				CLANG_CXX_LANGUAGE_STANDARD = "gnu++20";
				CLANG_ENABLE_MODULES = YES;
				CLANG_ENABLE_OBJC_ARC = YES;
				CLANG_ENABLE_OBJC_WEAK = YES;
				CLANG_WARN_BLOCK_CAPTURE_AUTORELEASING = YES;
				CLANG_WARN_BOOL_CONVERSION = YES;
				CLANG_WARN_COMMA = YES;
				CLANG_WARN_CONSTANT_CONVERSION = YES;
				CLANG_WARN_DEPRECATED_OBJC_IMPLEMENTATIONS = YES;
				CLANG_WARN_DIRECT_OBJC_ISA_USAGE = YES_ERROR;
				CLANG_WARN_DOCUMENTATION_COMMENTS = YES;
				CLANG_WARN_EMPTY_BODY = YES;
				CLANG_WARN_ENUM_CONVERSION = YES;
				CLANG_WARN_INFINITE_RECURSION = YES;
				CLANG_WARN_INT_CONVERSION = YES;
				CLANG_WARN_NON_LITERAL_NULL_CONVERSION = YES;
				CLANG_WARN_OBJC_IMPLICIT_RETAIN_SELF = YES;
				CLANG_WARN_OBJC_LITERAL_CONVERSION = YES;
				CLANG_WARN_OBJC_ROOT_CLASS = YES_ERROR;
				CLANG_WARN_QUOTED_INCLUDE_IN_FRAMEWORK_HEADER = YES;
				CLANG_WARN_RANGE_LOOP_ANALYSIS = YES;
				CLANG_WARN_STRICT_PROTOTYPES = YES;
				CLANG_WARN_SUSPICIOUS_MOVE = YES;
				CLANG_WARN_UNGUARDED_AVAILABILITY = YES_AGGRESSIVE;
				CLANG_WARN_UNREACHABLE_CODE = YES;
				CLANG_WARN__DUPLICATE_METHOD_MATCH = YES;
				COPY_PHASE_STRIP = NO;
				DEBUG_INFORMATION_FORMAT = dwarf;
				DEVELOPMENT_TEAM = XVAW3S25WF;
				ENABLE_STRICT_OBJC_MSGSEND = YES;
				ENABLE_TESTABILITY = YES;
				ENABLE_USER_SCRIPT_SANDBOXING = YES;
				GCC_C_LANGUAGE_STANDARD = gnu17;
				GCC_DYNAMIC_NO_PIC = NO;
				GCC_NO_COMMON_BLOCKS = YES;
				GCC_OPTIMIZATION_LEVEL = 0;
				GCC_PREPROCESSOR_DEFINITIONS = (
					"DEBUG=1",
					"$(inherited)",
				);
				GCC_WARN_64_TO_32_BIT_CONVERSION = YES;
				GCC_WARN_ABOUT_RETURN_TYPE = YES_ERROR;
				GCC_WARN_UNDECLARED_SELECTOR = YES;
				GCC_WARN_UNINITIALIZED_AUTOS = YES_AGGRESSIVE;
				GCC_WARN_UNUSED_FUNCTION = YES;
				GCC_WARN_UNUSED_VARIABLE = YES;
				IPHONEOS_DEPLOYMENT_TARGET = 26.2;
				LOCALIZATION_PREFERS_STRING_CATALOGS = YES;
				MTL_ENABLE_DEBUG_INFO = INCLUDE_SOURCE;
				MTL_FAST_MATH = YES;
				ONLY_ACTIVE_ARCH = YES;
				SDKROOT = iphoneos;
				SWIFT_ACTIVE_COMPILATION_CONDITIONS = "DEBUG $(inherited)";
				SWIFT_OPTIMIZATION_LEVEL = "-Onone";
			};
			name = Debug;
		};
		934CFCB82F5B8A2C006048BA /* Release */ = {
			isa = XCBuildConfiguration;
			buildSettings = {
				ALWAYS_SEARCH_USER_PATHS = NO;
				ASSETCATALOG_COMPILER_GENERATE_SWIFT_ASSET_SYMBOL_EXTENSIONS = YES;
				CLANG_ANALYZER_NONNULL = YES;
				CLANG_ANALYZER_NUMBER_OBJECT_CONVERSION = YES_AGGRESSIVE;
				CLANG_CXX_LANGUAGE_STANDARD = "gnu++20";
				CLANG_ENABLE_MODULES = YES;
				CLANG_ENABLE_OBJC_ARC = YES;
				CLANG_ENABLE_OBJC_WEAK = YES;
				CLANG_WARN_BLOCK_CAPTURE_AUTORELEASING = YES;
				CLANG_WARN_BOOL_CONVERSION = YES;
				CLANG_WARN_COMMA = YES;
				CLANG_WARN_CONSTANT_CONVERSION = YES;
				CLANG_WARN_DEPRECATED_OBJC_IMPLEMENTATIONS = YES;
				CLANG_WARN_DIRECT_OBJC_ISA_USAGE = YES_ERROR;
				CLANG_WARN_DOCUMENTATION_COMMENTS = YES;
				CLANG_WARN_EMPTY_BODY = YES;
				CLANG_WARN_ENUM_CONVERSION = YES;
				CLANG_WARN_INFINITE_RECURSION = YES;
				CLANG_WARN_INT_CONVERSION = YES;
				CLANG_WARN_NON_LITERAL_NULL_CONVERSION = YES;
				CLANG_WARN_OBJC_IMPLICIT_RETAIN_SELF = YES;
				CLANG_WARN_OBJC_LITERAL_CONVERSION = YES;
				CLANG_WARN_OBJC_ROOT_CLASS = YES_ERROR;
				CLANG_WARN_QUOTED_INCLUDE_IN_FRAMEWORK_HEADER = YES;
				CLANG_WARN_RANGE_LOOP_ANALYSIS = YES;
				CLANG_WARN_STRICT_PROTOTYPES = YES;
				CLANG_WARN_SUSPICIOUS_MOVE = YES;
				CLANG_WARN_UNGUARDED_AVAILABILITY = YES_AGGRESSIVE;
				CLANG_WARN_UNREACHABLE_CODE = YES;
				CLANG_WARN__DUPLICATE_METHOD_MATCH = YES;
				COPY_PHASE_STRIP = NO;
				DEBUG_INFORMATION_FORMAT = "dwarf-with-dsym";
				DEVELOPMENT_TEAM = XVAW3S25WF;
				ENABLE_NS_ASSERTIONS = NO;
				ENABLE_STRICT_OBJC_MSGSEND = YES;
				ENABLE_USER_SCRIPT_SANDBOXING = YES;
				GCC_C_LANGUAGE_STANDARD = gnu17;
				GCC_NO_COMMON_BLOCKS = YES;
				GCC_WARN_64_TO_32_BIT_CONVERSION = YES;
				GCC_WARN_ABOUT_RETURN_TYPE = YES_ERROR;
				GCC_WARN_UNDECLARED_SELECTOR = YES;
				GCC_WARN_UNINITIALIZED_AUTOS = YES_AGGRESSIVE;
				GCC_WARN_UNUSED_FUNCTION = YES;
				GCC_WARN_UNUSED_VARIABLE = YES;
				IPHONEOS_DEPLOYMENT_TARGET = 26.2;
				LOCALIZATION_PREFERS_STRING_CATALOGS = YES;
				MTL_ENABLE_DEBUG_INFO = NO;
				MTL_FAST_MATH = YES;
				SDKROOT = iphoneos;
				SWIFT_COMPILATION_MODE = wholemodule;
				VALIDATE_PRODUCT = YES;
			};
			name = Release;
		};
		934CFCBA2F5B8A2C006048BA /* Debug */ = {
			isa = XCBuildConfiguration;
			buildSettings = {
				ASSETCATALOG_COMPILER_APPICON_NAME = AppIcon;
				ASSETCATALOG_COMPILER_GLOBAL_ACCENT_COLOR_NAME = AccentColor;
				CODE_SIGN_STYLE = Automatic;
				CURRENT_PROJECT_VERSION = 1;
				DEBUG_INFORMATION_FORMAT = "dwarf-with-dsym";
				DEVELOPMENT_TEAM = XVAW3S25WF;
				ENABLE_PREVIEWS = YES;
				GENERATE_INFOPLIST_FILE = YES;
				INFOPLIST_FILE = "Monederito-iOS/Info.plist";
				INFOPLIST_KEY_LSApplicationCategoryType = "public.app-category.finance";
				INFOPLIST_KEY_NSFaceIDUsageDescription = "\"Monederito usa biometría para que puedas ingresar de forma rápida y segura\"";
				INFOPLIST_KEY_UIApplicationSceneManifest_Generation = YES;
				INFOPLIST_KEY_UIApplicationSupportsIndirectInputEvents = YES;
				INFOPLIST_KEY_UILaunchScreen_Generation = YES;
				INFOPLIST_KEY_UISupportedInterfaceOrientations_iPad = "UIInterfaceOrientationPortrait UIInterfaceOrientationPortraitUpsideDown UIInterfaceOrientationLandscapeLeft UIInterfaceOrientationLandscapeRight";
				INFOPLIST_KEY_UISupportedInterfaceOrientations_iPhone = "UIInterfaceOrientationPortrait UIInterfaceOrientationLandscapeLeft UIInterfaceOrientationLandscapeRight";
				LD_RUNPATH_SEARCH_PATHS = (
					"$(inherited)",
					"@executable_path/Frameworks",
				);
				MARKETING_VERSION = 1.0;
				"OTHER_SWIFT_FLAGS[arch=*]" = "-DFIREBASE_CRASHLYTICS_ENABLED";
				PRODUCT_BUNDLE_IDENTIFIER = "com.ignaciososa.Monederito-iOS";
				PRODUCT_NAME = "$(TARGET_NAME)";
				STRING_CATALOG_GENERATE_SYMBOLS = YES;
				SWIFT_APPROACHABLE_CONCURRENCY = YES;
				SWIFT_DEFAULT_ACTOR_ISOLATION = MainActor;
				SWIFT_EMIT_LOC_STRINGS = YES;
				SWIFT_UPCOMING_FEATURE_MEMBER_IMPORT_VISIBILITY = YES;
				SWIFT_VERSION = 5.0;
				TARGETED_DEVICE_FAMILY = "1,2";
			};
			name = Debug;
		};
		934CFCBB2F5B8A2C006048BA /* Release */ = {
			isa = XCBuildConfiguration;
			buildSettings = {
				ASSETCATALOG_COMPILER_APPICON_NAME = AppIcon;
				ASSETCATALOG_COMPILER_GLOBAL_ACCENT_COLOR_NAME = AccentColor;
				CODE_SIGN_STYLE = Automatic;
				CURRENT_PROJECT_VERSION = 1;
				DEVELOPMENT_TEAM = XVAW3S25WF;
				ENABLE_PREVIEWS = YES;
				GENERATE_INFOPLIST_FILE = YES;
				INFOPLIST_FILE = "Monederito-iOS/Info.plist";
				INFOPLIST_KEY_LSApplicationCategoryType = "public.app-category.finance";
				INFOPLIST_KEY_NSFaceIDUsageDescription = "\"Monederito usa biometría para que puedas ingresar de forma rápida y segura\"";
				INFOPLIST_KEY_UIApplicationSceneManifest_Generation = YES;
				INFOPLIST_KEY_UIApplicationSupportsIndirectInputEvents = YES;
				INFOPLIST_KEY_UILaunchScreen_Generation = YES;
				INFOPLIST_KEY_UISupportedInterfaceOrientations_iPad = "UIInterfaceOrientationPortrait UIInterfaceOrientationPortraitUpsideDown UIInterfaceOrientationLandscapeLeft UIInterfaceOrientationLandscapeRight";
				INFOPLIST_KEY_UISupportedInterfaceOrientations_iPhone = "UIInterfaceOrientationPortrait UIInterfaceOrientationLandscapeLeft UIInterfaceOrientationLandscapeRight";
				LD_RUNPATH_SEARCH_PATHS = (
					"$(inherited)",
					"@executable_path/Frameworks",
				);
				MARKETING_VERSION = 1.0;
				"OTHER_SWIFT_FLAGS[arch=*]" = "-DFIREBASE_CRASHLYTICS_ENABLED";
				PRODUCT_BUNDLE_IDENTIFIER = "com.ignaciososa.Monederito-iOS";
				PRODUCT_NAME = "$(TARGET_NAME)";
				STRING_CATALOG_GENERATE_SYMBOLS = YES;
				SWIFT_APPROACHABLE_CONCURRENCY = YES;
				SWIFT_DEFAULT_ACTOR_ISOLATION = MainActor;
				SWIFT_EMIT_LOC_STRINGS = YES;
				SWIFT_UPCOMING_FEATURE_MEMBER_IMPORT_VISIBILITY = YES;
				SWIFT_VERSION = 5.0;
				TARGETED_DEVICE_FAMILY = "1,2";
			};
			name = Release;
		};
/* End XCBuildConfiguration section */

/* Begin XCConfigurationList section */
		934CFCA92F5B8A2B006048BA /* Build configuration list for PBXProject "Monederito-iOS" */ = {
			isa = XCConfigurationList;
			buildConfigurations = (
				934CFCB72F5B8A2C006048BA /* Debug */,
				934CFCB82F5B8A2C006048BA /* Release */,
			);
			defaultConfigurationIsVisible = 0;
			defaultConfigurationName = Release;
		};
		934CFCB92F5B8A2C006048BA /* Build configuration list for PBXNativeTarget "Monederito-iOS" */ = {
			isa = XCConfigurationList;
			buildConfigurations = (
				934CFCBA2F5B8A2C006048BA /* Debug */,
				934CFCBB2F5B8A2C006048BA /* Release */,
			);
			defaultConfigurationIsVisible = 0;
			defaultConfigurationName = Release;
		};
/* End XCConfigurationList section */

/* Begin XCRemoteSwiftPackageReference section */
		93270B7C2F956D4300D43840 /* XCRemoteSwiftPackageReference "GoogleSignIn-iOS" */ = {
			isa = XCRemoteSwiftPackageReference;
			repositoryURL = "https://github.com/google/GoogleSignIn-iOS";
			requirement = {
				kind = upToNextMajorVersion;
				minimumVersion = 9.1.0;
			};
		};
		93270B812F95770600D43840 /* XCRemoteSwiftPackageReference "supabase-swift" */ = {
			isa = XCRemoteSwiftPackageReference;
			repositoryURL = "https://github.com/supabase/supabase-swift";
			requirement = {
				kind = upToNextMajorVersion;
				minimumVersion = 2.5.1;
			};
		};
		93AAA8F0301D95B7000024A3 /* XCRemoteSwiftPackageReference "firebase-ios-sdk" */ = {
			isa = XCRemoteSwiftPackageReference;
			repositoryURL = "https://github.com/firebase/firebase-ios-sdk";
			requirement = {
				kind = upToNextMajorVersion;
				minimumVersion = 12.17.0;
			};
		};
/* End XCRemoteSwiftPackageReference section */

/* Begin XCSwiftPackageProductDependency section */
		93270B7D2F956D4300D43840 /* GoogleSignIn */ = {
			isa = XCSwiftPackageProductDependency;
			package = 93270B7C2F956D4300D43840 /* XCRemoteSwiftPackageReference "GoogleSignIn-iOS" */;
			productName = GoogleSignIn;
		};
		93270B7F2F956D4300D43840 /* GoogleSignInSwift */ = {
			isa = XCSwiftPackageProductDependency;
			package = 93270B7C2F956D4300D43840 /* XCRemoteSwiftPackageReference "GoogleSignIn-iOS" */;
			productName = GoogleSignInSwift;
		};
		93270B822F95770600D43840 /* Auth */ = {
			isa = XCSwiftPackageProductDependency;
			package = 93270B812F95770600D43840 /* XCRemoteSwiftPackageReference "supabase-swift" */;
			productName = Auth;
		};
		93270B842F95770600D43840 /* Functions */ = {
			isa = XCSwiftPackageProductDependency;
			package = 93270B812F95770600D43840 /* XCRemoteSwiftPackageReference "supabase-swift" */;
			productName = Functions;
		};
		93270B862F95770600D43840 /* PostgREST */ = {
			isa = XCSwiftPackageProductDependency;
			package = 93270B812F95770600D43840 /* XCRemoteSwiftPackageReference "supabase-swift" */;
			productName = PostgREST;
		};
		93270B882F95770600D43840 /* Realtime */ = {
			isa = XCSwiftPackageProductDependency;
			package = 93270B812F95770600D43840 /* XCRemoteSwiftPackageReference "supabase-swift" */;
			productName = Realtime;
		};
		93270B8A2F95770600D43840 /* Storage */ = {
			isa = XCSwiftPackageProductDependency;
			package = 93270B812F95770600D43840 /* XCRemoteSwiftPackageReference "supabase-swift" */;
			productName = Storage;
		};
		93270B8C2F95770600D43840 /* Supabase */ = {
			isa = XCSwiftPackageProductDependency;
			package = 93270B812F95770600D43840 /* XCRemoteSwiftPackageReference "supabase-swift" */;
			productName = Supabase;
		};
		93AAA8F1301D95B7000024A3 /* FirebaseAI */ = {
			isa = XCSwiftPackageProductDependency;
			package = 93AAA8F0301D95B7000024A3 /* XCRemoteSwiftPackageReference "firebase-ios-sdk" */;
			productName = FirebaseAI;
		};
		93AAA8F3301D95B7000024A3 /* FirebaseAILogic */ = {
			isa = XCSwiftPackageProductDependency;
			package = 93AAA8F0301D95B7000024A3 /* XCRemoteSwiftPackageReference "firebase-ios-sdk" */;
			productName = FirebaseAILogic;
		};
		93AAA8F5301D95B7000024A3 /* FirebaseAnalytics */ = {
			isa = XCSwiftPackageProductDependency;
			package = 93AAA8F0301D95B7000024A3 /* XCRemoteSwiftPackageReference "firebase-ios-sdk" */;
			productName = FirebaseAnalytics;
		};
		93AAA8F7301D95B7000024A3 /* FirebaseAnalyticsCore */ = {
			isa = XCSwiftPackageProductDependency;
			package = 93AAA8F0301D95B7000024A3 /* XCRemoteSwiftPackageReference "firebase-ios-sdk" */;
			productName = FirebaseAnalyticsCore;
		};
		93AAA8F9301D95B7000024A3 /* FirebaseAnalyticsIdentitySupport */ = {
			isa = XCSwiftPackageProductDependency;
			package = 93AAA8F0301D95B7000024A3 /* XCRemoteSwiftPackageReference "firebase-ios-sdk" */;
			productName = FirebaseAnalyticsIdentitySupport;
		};
		93AAA8FB301D95B7000024A3 /* FirebaseAppCheck */ = {
			isa = XCSwiftPackageProductDependency;
			package = 93AAA8F0301D95B7000024A3 /* XCRemoteSwiftPackageReference "firebase-ios-sdk" */;
			productName = FirebaseAppCheck;
		};
		93AAA8FD301D95B7000024A3 /* FirebaseAppDistribution-Beta */ = {
			isa = XCSwiftPackageProductDependency;
			package = 93AAA8F0301D95B7000024A3 /* XCRemoteSwiftPackageReference "firebase-ios-sdk" */;
			productName = "FirebaseAppDistribution-Beta";
		};
		93AAA8FF301D95B7000024A3 /* FirebaseAuth */ = {
			isa = XCSwiftPackageProductDependency;
			package = 93AAA8F0301D95B7000024A3 /* XCRemoteSwiftPackageReference "firebase-ios-sdk" */;
			productName = FirebaseAuth;
		};
		93AAA901301D95B7000024A3 /* FirebaseAuthCombine-Community */ = {
			isa = XCSwiftPackageProductDependency;
			package = 93AAA8F0301D95B7000024A3 /* XCRemoteSwiftPackageReference "firebase-ios-sdk" */;
			productName = "FirebaseAuthCombine-Community";
		};
		93AAA903301D95B7000024A3 /* FirebaseCore */ = {
			isa = XCSwiftPackageProductDependency;
			package = 93AAA8F0301D95B7000024A3 /* XCRemoteSwiftPackageReference "firebase-ios-sdk" */;
			productName = FirebaseCore;
		};
		93AAA905301D95B7000024A3 /* FirebaseCrashlytics */ = {
			isa = XCSwiftPackageProductDependency;
			package = 93AAA8F0301D95B7000024A3 /* XCRemoteSwiftPackageReference "firebase-ios-sdk" */;
			productName = FirebaseCrashlytics;
		};
		93AAA907301D95B7000024A3 /* FirebaseDatabase */ = {
			isa = XCSwiftPackageProductDependency;
			package = 93AAA8F0301D95B7000024A3 /* XCRemoteSwiftPackageReference "firebase-ios-sdk" */;
			productName = FirebaseDatabase;
		};
		93AAA909301D95B7000024A3 /* FirebaseFirestore */ = {
			isa = XCSwiftPackageProductDependency;
			package = 93AAA8F0301D95B7000024A3 /* XCRemoteSwiftPackageReference "firebase-ios-sdk" */;
			productName = FirebaseFirestore;
		};
		93AAA90B301D95B7000024A3 /* FirebaseFirestoreCombine-Community */ = {
			isa = XCSwiftPackageProductDependency;
			package = 93AAA8F0301D95B7000024A3 /* XCRemoteSwiftPackageReference "firebase-ios-sdk" */;
			productName = "FirebaseFirestoreCombine-Community";
		};
		93AAA90D301D95B7000024A3 /* FirebaseFunctions */ = {
			isa = XCSwiftPackageProductDependency;
			package = 93AAA8F0301D95B7000024A3 /* XCRemoteSwiftPackageReference "firebase-ios-sdk" */;
			productName = FirebaseFunctions;
		};
		93AAA90F301D95B7000024A3 /* FirebaseFunctionsCombine-Community */ = {
			isa = XCSwiftPackageProductDependency;
			package = 93AAA8F0301D95B7000024A3 /* XCRemoteSwiftPackageReference "firebase-ios-sdk" */;
			productName = "FirebaseFunctionsCombine-Community";
		};
		93AAA911301D95B7000024A3 /* FirebaseInAppMessaging-Beta */ = {
			isa = XCSwiftPackageProductDependency;
			package = 93AAA8F0301D95B7000024A3 /* XCRemoteSwiftPackageReference "firebase-ios-sdk" */;
			productName = "FirebaseInAppMessaging-Beta";
		};
		93AAA913301D95B7000024A3 /* FirebaseInstallations */ = {
			isa = XCSwiftPackageProductDependency;
			package = 93AAA8F0301D95B7000024A3 /* XCRemoteSwiftPackageReference "firebase-ios-sdk" */;
			productName = FirebaseInstallations;
		};
		93AAA915301D95B7000024A3 /* FirebaseMLModelDownloader */ = {
			isa = XCSwiftPackageProductDependency;
			package = 93AAA8F0301D95B7000024A3 /* XCRemoteSwiftPackageReference "firebase-ios-sdk" */;
			productName = FirebaseMLModelDownloader;
		};
		93AAA917301D95B7000024A3 /* FirebaseMessaging */ = {
			isa = XCSwiftPackageProductDependency;
			package = 93AAA8F0301D95B7000024A3 /* XCRemoteSwiftPackageReference "firebase-ios-sdk" */;
			productName = FirebaseMessaging;
		};
		93AAA919301D95B7000024A3 /* FirebasePerformance */ = {
			isa = XCSwiftPackageProductDependency;
			package = 93AAA8F0301D95B7000024A3 /* XCRemoteSwiftPackageReference "firebase-ios-sdk" */;
			productName = FirebasePerformance;
		};
		93AAA91B301D95B7000024A3 /* FirebaseRemoteConfig */ = {
			isa = XCSwiftPackageProductDependency;
			package = 93AAA8F0301D95B7000024A3 /* XCRemoteSwiftPackageReference "firebase-ios-sdk" */;
			productName = FirebaseRemoteConfig;
		};
		93AAA91D301D95B7000024A3 /* FirebaseStorage */ = {
			isa = XCSwiftPackageProductDependency;
			package = 93AAA8F0301D95B7000024A3 /* XCRemoteSwiftPackageReference "firebase-ios-sdk" */;
			productName = FirebaseStorage;
		};
		93AAA91F301D95B7000024A3 /* FirebaseStorageCombine-Community */ = {
			isa = XCSwiftPackageProductDependency;
			package = 93AAA8F0301D95B7000024A3 /* XCRemoteSwiftPackageReference "firebase-ios-sdk" */;
			productName = "FirebaseStorageCombine-Community";
		};
/* End XCSwiftPackageProductDependency section */
	};
	rootObject = 934CFCA62F5B8A2B006048BA /* Project object */;
}
